{
  "version": 4,
  "terraform_version": "1.0.1",
  "serial": 2,
  "lineage": "63257d02-230d-0eff-fec0-c01c5518a3a5",
  "outputs": {
    "random_number": {
      "value": 15448,
      "type": "number"
    }
  },
  "resources": [
    {
      "mode": "managed",
      "type": "random_integer",
      "name": "priority",
      "provider": "provider[\"registry.terraform.io/hashicorp/random\"]",
      "instances": [
        {
          "schema_version": 0,
          "attributes": {
            "id": "15448",
            "keepers": null,
            "max": 50000,
            "min": 1,
            "result": 15448,
            "seed": null
          },
          "sensitive_attributes": [],
          "private": "bnVsbA=="
        }
      ]
    }
  ]
}
